
Microsoft Visual Studio Solution File, Format Version 12.00
# Visual Studio 15
VisualStudioVersion = 15.0.26430.16
MinimumVisualStudioVersion = 10.0.40219.1
Project("{FAE04EC0-301F-11D3-BF4B-00C04F79EFBC}") = "01.DefineAnInterfaceIPerson", "01.DefineAnInterfaceIPerson\01.DefineAnInterfaceIPerson.csproj", "{98C5E708-6859-46CB-A425-4779F355AC06}"
EndProject
Project("{FAE04EC0-301F-11D3-BF4B-00C04F79EFBC}") = "02.MultipleImplementation", "02.MultipleImplementation\02.MultipleImplementation.csproj", "{5AC6A230-1CA5-4FEA-81AF-27E5A4CCC6FE}"
EndProject
Project("{FAE04EC0-301F-11D3-BF4B-00C04F79EFBC}") = "03.Ferrari", "03.Ferrari\03.Ferrari.csproj", "{14655460-99D7-4A8A-AB65-40C1BBCE9ED2}"
EndProject
Project("{FAE04EC0-301F-11D3-BF4B-00C04F79EFBC}") = "04.Telephony", "04.Telephony\04.Telephony.csproj", "{EF24E6F7-6170-4D2F-9761-8C7B308EBDDB}"
EndProject
Project("{FAE04EC0-301F-11D3-BF4B-00C04F79EFBC}") = "05.BorderControl", "05.BorderControl\05.BorderControl.csproj", "{666F6504-1105-4B53-9D64-74489806529B}"
EndProject
Global
	GlobalSection(SolutionConfigurationPlatforms) = preSolution
		Debug|Any CPU = Debug|Any CPU
		Release|Any CPU = Release|Any CPU
	EndGlobalSection
	GlobalSection(ProjectConfigurationPlatforms) = postSolution
		{98C5E708-6859-46CB-A425-4779F355AC06}.Debug|Any CPU.ActiveCfg = Debug|Any CPU
		{98C5E708-6859-46CB-A425-4779F355AC06}.Debug|Any CPU.Build.0 = Debug|Any CPU
		{98C5E708-6859-46CB-A425-4779F355AC06}.Release|Any CPU.ActiveCfg = Release|Any CPU
		{98C5E708-6859-46CB-A425-4779F355AC06}.Release|Any CPU.Build.0 = Release|Any CPU
		{5AC6A230-1CA5-4FEA-81AF-27E5A4CCC6FE}.Debug|Any CPU.ActiveCfg = Debug|Any CPU
		{5AC6A230-1CA5-4FEA-81AF-27E5A4CCC6FE}.Debug|Any CPU.Build.0 = Debug|Any CPU
		{5AC6A230-1CA5-4FEA-81AF-27E5A4CCC6FE}.Release|Any CPU.ActiveCfg = Release|Any CPU
		{5AC6A230-1CA5-4FEA-81AF-27E5A4CCC6FE}.Release|Any CPU.Build.0 = Release|Any CPU
		{14655460-99D7-4A8A-AB65-40C1BBCE9ED2}.Debug|Any CPU.ActiveCfg = Debug|Any CPU
		{14655460-99D7-4A8A-AB65-40C1BBCE9ED2}.Debug|Any CPU.Build.0 = Debug|Any CPU
		{14655460-99D7-4A8A-AB65-40C1BBCE9ED2}.Release|Any CPU.ActiveCfg = Release|Any CPU
		{14655460-99D7-4A8A-AB65-40C1BBCE9ED2}.Release|Any CPU.Build.0 = Release|Any CPU
		{EF24E6F7-6170-4D2F-9761-8C7B308EBDDB}.Debug|Any CPU.ActiveCfg = Debug|Any CPU
		{EF24E6F7-6170-4D2F-9761-8C7B308EBDDB}.Debug|Any CPU.Build.0 = Debug|Any CPU
		{EF24E6F7-6170-4D2F-9761-8C7B308EBDDB}.Release|Any CPU.ActiveCfg = Release|Any CPU
		{EF24E6F7-6170-4D2F-9761-8C7B308EBDDB}.Release|Any CPU.Build.0 = Release|Any CPU
		{666F6504-1105-4B53-9D64-74489806529B}.Debug|Any CPU.ActiveCfg = Debug|Any CPU
		{666F6504-1105-4B53-9D64-74489806529B}.Debug|Any CPU.Build.0 = Debug|Any CPU
		{666F6504-1105-4B53-9D64-74489806529B}.Release|Any CPU.ActiveCfg = Release|Any CPU
		{666F6504-1105-4B53-9D64-74489806529B}.Release|Any CPU.Build.0 = Release|Any CPU
	EndGlobalSection
	GlobalSection(SolutionProperties) = preSolution
		HideSolutionNode = FALSE
	EndGlobalSection
EndGlobal
